
Microsoft Visual Studio Solution File, Format Version 12.00
# Visual Studio Version 17
VisualStudioVersion = 17.8.34511.84
MinimumVisualStudioVersion = 10.0.40219.1
Project("{9A19103F-16F7-4668-BE54-9A1E7A4F7556}") = "Metasia.Editor", "Metasia.Editor\Metasia.Editor.csproj", "{33EDA759-4E5F-473B-A3C5-42DA18EFF743}"
EndProject
Project("{9A19103F-16F7-4668-BE54-9A1E7A4F7556}") = "Metasia.Core", "Metasia.Core\Metasia.Core.csproj", "{9E880F03-240D-4303-BBA1-B1F59D44CF0C}"
EndProject

Project("{FAE04EC0-301F-11D3-BF4B-00C04F79EFBC}") = "Metasia.Core.Tests", "Metasia.Core.Tests\Metasia.Core.Tests.csproj", "{49C3D7C4-F76A-4222-B060-6A6CCB772322}"
EndProject
Project("{FAE04EC0-301F-11D3-BF4B-00C04F79EFBC}") = "Metasia.Editor.Tests", "Metasia.Editor.Tests\Metasia.Editor.Tests.csproj", "{784F16BA-4EFF-4AF7-B34F-6AC3B785A3CD}"
EndProject
Global
	GlobalSection(SolutionConfigurationPlatforms) = preSolution
		Debug|Any CPU = Debug|Any CPU
		Release|Any CPU = Release|Any CPU
	EndGlobalSection
	GlobalSection(ProjectConfigurationPlatforms) = postSolution
		{33EDA759-4E5F-473B-A3C5-42DA18EFF743}.Debug|Any CPU.ActiveCfg = Debug|Any CPU
		{33EDA759-4E5F-473B-A3C5-42DA18EFF743}.Debug|Any CPU.Build.0 = Debug|Any CPU
		{33EDA759-4E5F-473B-A3C5-42DA18EFF743}.Release|Any CPU.ActiveCfg = Release|Any CPU
		{33EDA759-4E5F-473B-A3C5-42DA18EFF743}.Release|Any CPU.Build.0 = Release|Any CPU
		{9E880F03-240D-4303-BBA1-B1F59D44CF0C}.Debug|Any CPU.ActiveCfg = Debug|Any CPU
		{9E880F03-240D-4303-BBA1-B1F59D44CF0C}.Debug|Any CPU.Build.0 = Debug|Any CPU
		{9E880F03-240D-4303-BBA1-B1F59D44CF0C}.Release|Any CPU.ActiveCfg = Release|Any CPU
		{9E880F03-240D-4303-BBA1-B1F59D44CF0C}.Release|Any CPU.Build.0 = Release|Any CPU

		{49C3D7C4-F76A-4222-B060-6A6CCB772322}.Debug|Any CPU.ActiveCfg = Debug|Any CPU
		{49C3D7C4-F76A-4222-B060-6A6CCB772322}.Debug|Any CPU.Build.0 = Debug|Any CPU
		{49C3D7C4-F76A-4222-B060-6A6CCB772322}.Release|Any CPU.ActiveCfg = Release|Any CPU
		{49C3D7C4-F76A-4222-B060-6A6CCB772322}.Release|Any CPU.Build.0 = Release|Any CPU
		{784F16BA-4EFF-4AF7-B34F-6AC3B785A3CD}.Debug|Any CPU.ActiveCfg = Debug|Any CPU
		{784F16BA-4EFF-4AF7-B34F-6AC3B785A3CD}.Debug|Any CPU.Build.0 = Debug|Any CPU
		{784F16BA-4EFF-4AF7-B34F-6AC3B785A3CD}.Release|Any CPU.ActiveCfg = Release|Any CPU
		{784F16BA-4EFF-4AF7-B34F-6AC3B785A3CD}.Release|Any CPU.Build.0 = Release|Any CPU
	EndGlobalSection
	GlobalSection(SolutionProperties) = preSolution
		HideSolutionNode = FALSE
	EndGlobalSection
	GlobalSection(ExtensibilityGlobals) = postSolution
		SolutionGuid = {F9F265EC-D60D-4287-BDC6-0EAE9B98D9D3}
	EndGlobalSection
EndGlobal
